
Microsoft Visual Studio Solution File, Format Version 12.00
# Visual Studio 15
VisualStudioVersion = 15.0.28307.1022
MinimumVisualStudioVersion = 10.0.40219.1
Project("{FAE04EC0-301F-11D3-BF4B-00C04F79EFBC}") = "AppFlickCliente", "AppFlickDesktop\AppFlickCliente.csproj", "{150D7B97-48EE-4FAF-BAFF-F63C24568628}"
	ProjectSection(ProjectDependencies) = postProject
		{997D0BFD-C9AB-4376-9E0A-CC0D10C0860F} = {997D0BFD-C9AB-4376-9E0A-CC0D10C0860F}
	EndProjectSection
EndProject
Project("{FAE04EC0-301F-11D3-BF4B-00C04F79EFBC}") = "Entity", "Entity\Entity.csproj", "{997D0BFD-C9AB-4376-9E0A-CC0D10C0860F}"
EndProject
Project("{FAE04EC0-301F-11D3-BF4B-00C04F79EFBC}") = "DataAccess", "DataAccess\DataAccess.csproj", "{679A19D4-F893-47CD-A50E-1756FA8CA44F}"
EndProject
Project("{FAE04EC0-301F-11D3-BF4B-00C04F79EFBC}") = "Controllers", "Controllers\Controllers.csproj", "{A117B98B-A93C-4D27-9062-B54BA2C40E50}"
EndProject
Project("{FAE04EC0-301F-11D3-BF4B-00C04F79EFBC}") = "AppFlickAdministrador", "AppFlickAdministrador\AppFlickAdministrador.csproj", "{7F13B05D-7754-4BFB-A7C9-C5788EA73D23}"
EndProject
Project("{FAE04EC0-301F-11D3-BF4B-00C04F79EFBC}") = "AppFlickMovil.Android", "AppFlickMovil\AppFlickMovil.Android\AppFlickMovil.Android.csproj", "{5C7191CB-93DD-4656-9535-384A7CAA2887}"
EndProject
Project("{FAE04EC0-301F-11D3-BF4B-00C04F79EFBC}") = "AppFlickMovil", "AppFlickMovil\AppFlickMovil\AppFlickMovil.csproj", "{6B25FD9F-F475-4E44-8594-652B5CBE3C26}"
EndProject
Global
	GlobalSection(SolutionConfigurationPlatforms) = preSolution
		Debug|Any CPU = Debug|Any CPU
		Release|Any CPU = Release|Any CPU
	EndGlobalSection
	GlobalSection(ProjectConfigurationPlatforms) = postSolution
		{150D7B97-48EE-4FAF-BAFF-F63C24568628}.Debug|Any CPU.ActiveCfg = Debug|Any CPU
		{150D7B97-48EE-4FAF-BAFF-F63C24568628}.Debug|Any CPU.Build.0 = Debug|Any CPU
		{150D7B97-48EE-4FAF-BAFF-F63C24568628}.Release|Any CPU.ActiveCfg = Release|Any CPU
		{150D7B97-48EE-4FAF-BAFF-F63C24568628}.Release|Any CPU.Build.0 = Release|Any CPU
		{997D0BFD-C9AB-4376-9E0A-CC0D10C0860F}.Debug|Any CPU.ActiveCfg = Debug|Any CPU
		{997D0BFD-C9AB-4376-9E0A-CC0D10C0860F}.Debug|Any CPU.Build.0 = Debug|Any CPU
		{997D0BFD-C9AB-4376-9E0A-CC0D10C0860F}.Release|Any CPU.ActiveCfg = Release|Any CPU
		{997D0BFD-C9AB-4376-9E0A-CC0D10C0860F}.Release|Any CPU.Build.0 = Release|Any CPU
		{679A19D4-F893-47CD-A50E-1756FA8CA44F}.Debug|Any CPU.ActiveCfg = Debug|Any CPU
		{679A19D4-F893-47CD-A50E-1756FA8CA44F}.Debug|Any CPU.Build.0 = Debug|Any CPU
		{679A19D4-F893-47CD-A50E-1756FA8CA44F}.Release|Any CPU.ActiveCfg = Release|Any CPU
		{679A19D4-F893-47CD-A50E-1756FA8CA44F}.Release|Any CPU.Build.0 = Release|Any CPU
		{A117B98B-A93C-4D27-9062-B54BA2C40E50}.Debug|Any CPU.ActiveCfg = Debug|Any CPU
		{A117B98B-A93C-4D27-9062-B54BA2C40E50}.Debug|Any CPU.Build.0 = Debug|Any CPU
		{A117B98B-A93C-4D27-9062-B54BA2C40E50}.Release|Any CPU.ActiveCfg = Release|Any CPU
		{A117B98B-A93C-4D27-9062-B54BA2C40E50}.Release|Any CPU.Build.0 = Release|Any CPU
		{7F13B05D-7754-4BFB-A7C9-C5788EA73D23}.Debug|Any CPU.ActiveCfg = Debug|Any CPU
		{7F13B05D-7754-4BFB-A7C9-C5788EA73D23}.Debug|Any CPU.Build.0 = Debug|Any CPU
		{7F13B05D-7754-4BFB-A7C9-C5788EA73D23}.Release|Any CPU.ActiveCfg = Release|Any CPU
		{7F13B05D-7754-4BFB-A7C9-C5788EA73D23}.Release|Any CPU.Build.0 = Release|Any CPU
		{5C7191CB-93DD-4656-9535-384A7CAA2887}.Debug|Any CPU.ActiveCfg = Debug|Any CPU
		{5C7191CB-93DD-4656-9535-384A7CAA2887}.Debug|Any CPU.Build.0 = Debug|Any CPU
		{5C7191CB-93DD-4656-9535-384A7CAA2887}.Debug|Any CPU.Deploy.0 = Debug|Any CPU
		{5C7191CB-93DD-4656-9535-384A7CAA2887}.Release|Any CPU.ActiveCfg = Release|Any CPU
		{5C7191CB-93DD-4656-9535-384A7CAA2887}.Release|Any CPU.Build.0 = Release|Any CPU
		{5C7191CB-93DD-4656-9535-384A7CAA2887}.Release|Any CPU.Deploy.0 = Release|Any CPU
		{6B25FD9F-F475-4E44-8594-652B5CBE3C26}.Debug|Any CPU.ActiveCfg = Debug|Any CPU
		{6B25FD9F-F475-4E44-8594-652B5CBE3C26}.Debug|Any CPU.Build.0 = Debug|Any CPU
		{6B25FD9F-F475-4E44-8594-652B5CBE3C26}.Release|Any CPU.ActiveCfg = Release|Any CPU
		{6B25FD9F-F475-4E44-8594-652B5CBE3C26}.Release|Any CPU.Build.0 = Release|Any CPU
	EndGlobalSection
	GlobalSection(SolutionProperties) = preSolution
		HideSolutionNode = FALSE
	EndGlobalSection
	GlobalSection(ExtensibilityGlobals) = postSolution
		SolutionGuid = {2281BCF3-F153-435A-AAE0-ED43E5868661}
	EndGlobalSection
EndGlobal
