
Microsoft Visual Studio Solution File, Format Version 12.00
# Visual Studio Version 16
VisualStudioVersion = 16.0.29613.14
MinimumVisualStudioVersion = 10.0.40219.1
Project("{FAE04EC0-301F-11D3-BF4B-00C04F79EFBC}") = "AppFlickDesktop", "AppFlickDesktop\AppFlickDesktop.csproj", "{150D7B97-48EE-4FAF-BAFF-F63C24568628}"
	ProjectSection(ProjectDependencies) = postProject
		{6722CC3A-F21E-460E-9A94-701385BD021D} = {6722CC3A-F21E-460E-9A94-701385BD021D}
	EndProjectSection
EndProject
Project("{9A19103F-16F7-4668-BE54-9A1E7A4F7556}") = "FlickLibrary", "FlickLibrary\FlickLibrary.csproj", "{6722CC3A-F21E-460E-9A94-701385BD021D}"
EndProject
Global
	GlobalSection(SolutionConfigurationPlatforms) = preSolution
		Debug|Any CPU = Debug|Any CPU
		Release|Any CPU = Release|Any CPU
	EndGlobalSection
	GlobalSection(ProjectConfigurationPlatforms) = postSolution
		{150D7B97-48EE-4FAF-BAFF-F63C24568628}.Debug|Any CPU.ActiveCfg = Debug|Any CPU
		{150D7B97-48EE-4FAF-BAFF-F63C24568628}.Debug|Any CPU.Build.0 = Debug|Any CPU
		{150D7B97-48EE-4FAF-BAFF-F63C24568628}.Release|Any CPU.ActiveCfg = Release|Any CPU
		{150D7B97-48EE-4FAF-BAFF-F63C24568628}.Release|Any CPU.Build.0 = Release|Any CPU
		{6722CC3A-F21E-460E-9A94-701385BD021D}.Debug|Any CPU.ActiveCfg = Debug|Any CPU
		{6722CC3A-F21E-460E-9A94-701385BD021D}.Debug|Any CPU.Build.0 = Debug|Any CPU
		{6722CC3A-F21E-460E-9A94-701385BD021D}.Release|Any CPU.ActiveCfg = Release|Any CPU
		{6722CC3A-F21E-460E-9A94-701385BD021D}.Release|Any CPU.Build.0 = Release|Any CPU
	EndGlobalSection
	GlobalSection(SolutionProperties) = preSolution
		HideSolutionNode = FALSE
	EndGlobalSection
	GlobalSection(ExtensibilityGlobals) = postSolution
		SolutionGuid = {2281BCF3-F153-435A-AAE0-ED43E5868661}
	EndGlobalSection
EndGlobal
